{
  "object": {
    "pins": [
      {
        "package": "Runtime",
        "repositoryURL": "https://github.com/wickwirew/Runtime",
        "state": {
          "branch": "master",
          "revision": "708f4d78cdd060bf45740b723362247da7c21122",
          "version": null
        }
      }
    ]
  },
  "version": 1
}
